
Microsoft Visual Studio Solution File, Format Version 12.00
# Visual Studio Version 17
VisualStudioVersion = 17.8.34330.188
MinimumVisualStudioVersion = 10.0.40219.1
Project("{9A19103F-16F7-4668-BE54-9A1E7A4F7556}") = "Objective.JogoGourmet.WPF", "Objective.JogoGourmet.WPF\Objective.JogoGourmet.WPF.csproj", "{1E1282BD-7F4E-46FD-86BF-36587763E615}"
EndProject
Project("{2150E333-8FDC-42A3-9474-1A3956D46DE8}") = "1. Presentation", "1. Presentation", "{427788C2-E8E1-40AD-8376-414E89426090}"
EndProject
Global
	GlobalSection(SolutionConfigurationPlatforms) = preSolution
		Debug|Any CPU = Debug|Any CPU
		Release|Any CPU = Release|Any CPU
	EndGlobalSection
	GlobalSection(ProjectConfigurationPlatforms) = postSolution
		{1E1282BD-7F4E-46FD-86BF-36587763E615}.Debug|Any CPU.ActiveCfg = Debug|Any CPU
		{1E1282BD-7F4E-46FD-86BF-36587763E615}.Debug|Any CPU.Build.0 = Debug|Any CPU
		{1E1282BD-7F4E-46FD-86BF-36587763E615}.Release|Any CPU.ActiveCfg = Release|Any CPU
		{1E1282BD-7F4E-46FD-86BF-36587763E615}.Release|Any CPU.Build.0 = Release|Any CPU
	EndGlobalSection
	GlobalSection(SolutionProperties) = preSolution
		HideSolutionNode = FALSE
	EndGlobalSection
	GlobalSection(NestedProjects) = preSolution
		{1E1282BD-7F4E-46FD-86BF-36587763E615} = {427788C2-E8E1-40AD-8376-414E89426090}
	EndGlobalSection
	GlobalSection(ExtensibilityGlobals) = postSolution
		SolutionGuid = {56A4612A-9E34-46E8-AFFB-9CFD3359AC45}
	EndGlobalSection
EndGlobal
